// !$*UTF8*$!
{
	archiveVersion = 1;
	classes = {
	};
	objectVersion = 54;
	objects = {

/* Begin PBXAggregateTarget section */
		33CC111A2044C6BA0003C045 /* Flutter Assemble */ = {
			isa = PBXAggregateTarget;
			buildConfigurationList = 33CC111B2044C6BA0003C045 /* Build configuration list for PBXAggregateTarget "Flutter Assemble" */;
			buildPhases = (
				33CC111E2044C6BF0003C045 /* ShellScript */,
			);
			dependencies = (
			);
			name = "Flutter Assemble";
			productName = FLX;
		};
/* End PBXAggregateTarget section */

/* Begin PBXBuildFile section */
		12E9609A611DDA9B43588B28 /* Pods_Runner.framework in Frameworks */ = {isa = PBXBuildFile; fileRef = B5EC3A85ADBD29579C7DF776 /* Pods_Runner.framework */; };
		335BBD1B22A9A15E00E9071D /* GeneratedPluginRegistrant.swift in Sources */ = {isa = PBXBuildFile; fileRef = 335BBD1A22A9A15E00E9071D /* GeneratedPluginRegistrant.swift */; };
		33CC10F12044A3C60003C045 /* AppDelegate.swift in Sources */ = {isa = PBXBuildFile; fileRef = 33CC10F02044A3C60003C045 /* AppDelegate.swift */; };
		33CC10F32044A3C60003C045 /* Assets.xcassets in Resources */ = {isa = PBXBuildFile; fileRef = 33CC10F22044A3C60003C045 /* Assets.xcassets */; };
		33CC10F62044A3C60003C045 /* MainMenu.xib in Resources */ = {isa = PBXBuildFile; fileRef = 33CC10F42044A3C60003C045 /* MainMenu.xib */; };
		33CC11132044BFA00003C045 /* MainFlutterWindow.swift in Sources */ = {isa = PBXBuildFile; fileRef = 33CC11122044BFA00003C045 /* MainFlutterWindow.swift */; };
		CE5C44D02A39840D00E15AC8 /* libbox_bridge.c in Sources */ = {isa = PBXBuildFile; fileRef = CE5C44CF2A39840D00E15AC8 /* libbox_bridge.c */; };
		CEBE65DC2A22EAE0004691A4 /* NetworkExtension.framework in Frameworks */ = {isa = PBXBuildFile; fileRef = CEBE65DB2A22EAE0004691A4 /* NetworkExtension.framework */; };
		CEBE65DF2A22EAE1004691A4 /* PacketTunnelProvider.swift in Sources */ = {isa = PBXBuildFile; fileRef = CEBE65DE2A22EAE1004691A4 /* PacketTunnelProvider.swift */; };
		CEBE65E42A22EAE1004691A4 /* karingService.appex in Embed Foundation Extensions */ = {isa = PBXBuildFile; fileRef = CEBE65DA2A22EAE0004691A4 /* karingService.appex */; settings = {ATTRIBUTES = (RemoveHeadersOnCopy, ); }; };
		CEE689F62A85CA38007EF854 /* NetworkExtension.framework in Frameworks */ = {isa = PBXBuildFile; fileRef = CEBE65DB2A22EAE0004691A4 /* NetworkExtension.framework */; };
		CEE689F92A85CA39007EF854 /* PacketTunnelProvider.swift in Sources */ = {isa = PBXBuildFile; fileRef = CEE689F82A85CA39007EF854 /* PacketTunnelProvider.swift */; };
		CEE689FB2A85CA39007EF854 /* main.swift in Sources */ = {isa = PBXBuildFile; fileRef = CEE689FA2A85CA39007EF854 /* main.swift */; };
		CEE68A092A85CA88007EF854 /* libbox_bridge.c in Sources */ = {isa = PBXBuildFile; fileRef = CEE68A082A85CA88007EF854 /* libbox_bridge.c */; };
		CEEC19FE2B142FA90076CA70 /* LibVpnCore.framework in Frameworks */ = {isa = PBXBuildFile; fileRef = CEEC19F82B142FA90076CA70 /* LibVpnCore.framework */; };
		CEEC19FF2B142FA90076CA70 /* LibVpnCore.framework in Bundle Framework */ = {isa = PBXBuildFile; fileRef = CEEC19F82B142FA90076CA70 /* LibVpnCore.framework */; settings = {ATTRIBUTES = (CodeSignOnCopy, RemoveHeadersOnCopy, ); }; };
		CEEC1A062B142FFC0076CA70 /* Libbox.xcframework in Frameworks */ = {isa = PBXBuildFile; fileRef = CEEC1A042B142FCC0076CA70 /* Libbox.xcframework */; };
		CEEC1A092B1430070076CA70 /* LibVpnCore.framework in Frameworks */ = {isa = PBXBuildFile; fileRef = CEEC19F82B142FA90076CA70 /* LibVpnCore.framework */; };
		CEEC1A0E2B14300B0076CA70 /* LibVpnCore.framework in Frameworks */ = {isa = PBXBuildFile; fileRef = CEEC19F82B142FA90076CA70 /* LibVpnCore.framework */; };
		CEEC1A172B1430910076CA70 /* ExtensionPlatformInterface.swift in Sources */ = {isa = PBXBuildFile; fileRef = CEEC1A132B1430910076CA70 /* ExtensionPlatformInterface.swift */; };
		CEEC1A182B1430910076CA70 /* LibVpnCore.swift in Sources */ = {isa = PBXBuildFile; fileRef = CEEC1A142B1430910076CA70 /* LibVpnCore.swift */; };
		CEEC1A192B1430910076CA70 /* Extension+RunBlocking.swift in Sources */ = {isa = PBXBuildFile; fileRef = CEEC1A152B1430910076CA70 /* Extension+RunBlocking.swift */; };
		CEEC1A1A2B1430910076CA70 /* ExtensionProvider.swift in Sources */ = {isa = PBXBuildFile; fileRef = CEEC1A162B1430910076CA70 /* ExtensionProvider.swift */; };
		CEEC1A242B1436050076CA70 /* libresolv.tbd in Frameworks */ = {isa = PBXBuildFile; fileRef = CEEC1A232B1436050076CA70 /* libresolv.tbd */; };
/* End PBXBuildFile section */

/* Begin PBXContainerItemProxy section */
		33CC111F2044C79F0003C045 /* PBXContainerItemProxy */ = {
			isa = PBXContainerItemProxy;
			containerPortal = 33CC10E52044A3C60003C045 /* Project object */;
			proxyType = 1;
			remoteGlobalIDString = 33CC111A2044C6BA0003C045;
			remoteInfo = FLX;
		};
		CEBE65E22A22EAE1004691A4 /* PBXContainerItemProxy */ = {
			isa = PBXContainerItemProxy;
			containerPortal = 33CC10E52044A3C60003C045 /* Project object */;
			proxyType = 1;
			remoteGlobalIDString = CEBE65D92A22EAE0004691A4;
			remoteInfo = karingService;
		};
		CEEC19FC2B142FA90076CA70 /* PBXContainerItemProxy */ = {
			isa = PBXContainerItemProxy;
			containerPortal = 33CC10E52044A3C60003C045 /* Project object */;
			proxyType = 1;
			remoteGlobalIDString = CEEC19F72B142FA90076CA70;
			remoteInfo = LibVpnCore;
		};
		CEEC1A0B2B1430070076CA70 /* PBXContainerItemProxy */ = {
			isa = PBXContainerItemProxy;
			containerPortal = 33CC10E52044A3C60003C045 /* Project object */;
			proxyType = 1;
			remoteGlobalIDString = CEEC19F72B142FA90076CA70;
			remoteInfo = LibVpnCore;
		};
		CEEC1A102B14300B0076CA70 /* PBXContainerItemProxy */ = {
			isa = PBXContainerItemProxy;
			containerPortal = 33CC10E52044A3C60003C045 /* Project object */;
			proxyType = 1;
			remoteGlobalIDString = CEEC19F72B142FA90076CA70;
			remoteInfo = LibVpnCore;
		};
/* End PBXContainerItemProxy section */

/* Begin PBXCopyFilesBuildPhase section */
		33CC110E2044A8840003C045 /* Bundle Framework */ = {
			isa = PBXCopyFilesBuildPhase;
			buildActionMask = 2147483647;
			dstPath = "";
			dstSubfolderSpec = 10;
			files = (
				CEEC19FF2B142FA90076CA70 /* LibVpnCore.framework in Bundle Framework */,
			);
			name = "Bundle Framework";
			runOnlyForDeploymentPostprocessing = 0;
		};
		CE04E7CA29EEC43E005A52B5 /* Copy Files */ = {
			isa = PBXCopyFilesBuildPhase;
			buildActionMask = 2147483647;
			dstPath = "";
			dstSubfolderSpec = 10;
			files = (
			);
			name = "Copy Files";
			runOnlyForDeploymentPostprocessing = 0;
		};
		CEBE65E52A22EAE1004691A4 /* Embed Foundation Extensions */ = {
			isa = PBXCopyFilesBuildPhase;
			buildActionMask = 2147483647;
			dstPath = "";
			dstSubfolderSpec = 13;
			files = (
				CEBE65E42A22EAE1004691A4 /* karingService.appex in Embed Foundation Extensions */,
			);
			name = "Embed Foundation Extensions";
			runOnlyForDeploymentPostprocessing = 0;
		};
		CEEC1A0D2B1430080076CA70 /* Embed Frameworks */ = {
			isa = PBXCopyFilesBuildPhase;
			buildActionMask = 2147483647;
			dstPath = "";
			dstSubfolderSpec = 10;
			files = (
			);
			name = "Embed Frameworks";
			runOnlyForDeploymentPostprocessing = 0;
		};
		CEEC1A122B14300B0076CA70 /* Embed Frameworks */ = {
			isa = PBXCopyFilesBuildPhase;
			buildActionMask = 2147483647;
			dstPath = "";
			dstSubfolderSpec = 10;
			files = (
			);
			name = "Embed Frameworks";
			runOnlyForDeploymentPostprocessing = 0;
		};
/* End PBXCopyFilesBuildPhase section */

/* Begin PBXFileReference section */
		333000ED22D3DE5D00554162 /* Warnings.xcconfig */ = {isa = PBXFileReference; lastKnownFileType = text.xcconfig; path = Warnings.xcconfig; sourceTree = "<group>"; };
		335BBD1A22A9A15E00E9071D /* GeneratedPluginRegistrant.swift */ = {isa = PBXFileReference; fileEncoding = 4; lastKnownFileType = sourcecode.swift; path = GeneratedPluginRegistrant.swift; sourceTree = "<group>"; };
		33CC10ED2044A3C60003C045 /* Karing.app */ = {isa = PBXFileReference; explicitFileType = wrapper.application; includeInIndex = 0; path = Karing.app; sourceTree = BUILT_PRODUCTS_DIR; };
		33CC10F02044A3C60003C045 /* AppDelegate.swift */ = {isa = PBXFileReference; lastKnownFileType = sourcecode.swift; path = AppDelegate.swift; sourceTree = "<group>"; };
		33CC10F22044A3C60003C045 /* Assets.xcassets */ = {isa = PBXFileReference; lastKnownFileType = folder.assetcatalog; name = Assets.xcassets; path = Runner/Assets.xcassets; sourceTree = "<group>"; };
		33CC10F52044A3C60003C045 /* Base */ = {isa = PBXFileReference; lastKnownFileType = file.xib; name = Base; path = Base.lproj/MainMenu.xib; sourceTree = "<group>"; };
		33CC10F72044A3C60003C045 /* Info.plist */ = {isa = PBXFileReference; lastKnownFileType = text.plist.xml; name = Info.plist; path = Runner/Info.plist; sourceTree = "<group>"; };
		33CC11122044BFA00003C045 /* MainFlutterWindow.swift */ = {isa = PBXFileReference; lastKnownFileType = sourcecode.swift; path = MainFlutterWindow.swift; sourceTree = "<group>"; };
		33CEB47222A05771004F2AC0 /* Flutter-Debug.xcconfig */ = {isa = PBXFileReference; lastKnownFileType = text.xcconfig; path = "Flutter-Debug.xcconfig"; sourceTree = "<group>"; };
		33CEB47422A05771004F2AC0 /* Flutter-Release.xcconfig */ = {isa = PBXFileReference; lastKnownFileType = text.xcconfig; path = "Flutter-Release.xcconfig"; sourceTree = "<group>"; };
		33CEB47722A0578A004F2AC0 /* Flutter-Generated.xcconfig */ = {isa = PBXFileReference; lastKnownFileType = text.xcconfig; name = "Flutter-Generated.xcconfig"; path = "ephemeral/Flutter-Generated.xcconfig"; sourceTree = "<group>"; };
		33E51914231749380026EE4D /* Runner.entitlements */ = {isa = PBXFileReference; fileEncoding = 4; lastKnownFileType = text.plist.entitlements; path = Runner.entitlements; sourceTree = "<group>"; };
		33E5194F232828860026EE4D /* AppInfo.xcconfig */ = {isa = PBXFileReference; lastKnownFileType = text.xcconfig; path = AppInfo.xcconfig; sourceTree = "<group>"; };
		5DEC51C771BCF5DA2C26EB7F /* Pods-Runner.debug.xcconfig */ = {isa = PBXFileReference; includeInIndex = 1; lastKnownFileType = text.xcconfig; name = "Pods-Runner.debug.xcconfig"; path = "Target Support Files/Pods-Runner/Pods-Runner.debug.xcconfig"; sourceTree = "<group>"; };
		7AFA3C8E1D35360C0083082E /* Release.xcconfig */ = {isa = PBXFileReference; lastKnownFileType = text.xcconfig; path = Release.xcconfig; sourceTree = "<group>"; };
		8A4FBC6D9CAAB254EC3732DA /* Pods-Runner.profile.xcconfig */ = {isa = PBXFileReference; includeInIndex = 1; lastKnownFileType = text.xcconfig; name = "Pods-Runner.profile.xcconfig"; path = "Target Support Files/Pods-Runner/Pods-Runner.profile.xcconfig"; sourceTree = "<group>"; };
		9740EEB21CF90195004384FC /* Debug.xcconfig */ = {isa = PBXFileReference; fileEncoding = 4; lastKnownFileType = text.xcconfig; path = Debug.xcconfig; sourceTree = "<group>"; };
		B5EC3A85ADBD29579C7DF776 /* Pods_Runner.framework */ = {isa = PBXFileReference; explicitFileType = wrapper.framework; includeInIndex = 0; path = Pods_Runner.framework; sourceTree = BUILT_PRODUCTS_DIR; };
		CE5C44CD2A39840C00E15AC8 /* karingService-Bridging-Header.h */ = {isa = PBXFileReference; lastKnownFileType = sourcecode.c.h; path = "karingService-Bridging-Header.h"; sourceTree = "<group>"; };
		CE5C44CE2A39840D00E15AC8 /* libbox_bridge.h */ = {isa = PBXFileReference; lastKnownFileType = sourcecode.c.h; path = libbox_bridge.h; sourceTree = "<group>"; };
		CE5C44CF2A39840D00E15AC8 /* libbox_bridge.c */ = {isa = PBXFileReference; lastKnownFileType = sourcecode.c.c; path = libbox_bridge.c; sourceTree = "<group>"; };
		CE8B929F2A5C07360071C495 /* karingService.entitlements */ = {isa = PBXFileReference; lastKnownFileType = text.plist.entitlements; path = karingService.entitlements; sourceTree = "<group>"; };
		CEBE65DA2A22EAE0004691A4 /* karingService.appex */ = {isa = PBXFileReference; explicitFileType = "wrapper.app-extension"; includeInIndex = 0; path = karingService.appex; sourceTree = BUILT_PRODUCTS_DIR; };
		CEBE65DB2A22EAE0004691A4 /* NetworkExtension.framework */ = {isa = PBXFileReference; lastKnownFileType = wrapper.framework; name = NetworkExtension.framework; path = System/Library/Frameworks/NetworkExtension.framework; sourceTree = SDKROOT; };
		CEBE65DE2A22EAE1004691A4 /* PacketTunnelProvider.swift */ = {isa = PBXFileReference; lastKnownFileType = sourcecode.swift; path = PacketTunnelProvider.swift; sourceTree = "<group>"; };
		CEBE65E02A22EAE1004691A4 /* Info.plist */ = {isa = PBXFileReference; lastKnownFileType = text.plist.xml; path = Info.plist; sourceTree = "<group>"; };
		CEE689F52A85CA38007EF854 /* com.nebula.karing.karingServiceSE.systemextension */ = {isa = PBXFileReference; explicitFileType = "wrapper.system-extension"; includeInIndex = 0; path = com.nebula.karing.karingServiceSE.systemextension; sourceTree = BUILT_PRODUCTS_DIR; };
		CEE689F82A85CA39007EF854 /* PacketTunnelProvider.swift */ = {isa = PBXFileReference; lastKnownFileType = sourcecode.swift; path = PacketTunnelProvider.swift; sourceTree = "<group>"; };
		CEE689FA2A85CA39007EF854 /* main.swift */ = {isa = PBXFileReference; lastKnownFileType = sourcecode.swift; path = main.swift; sourceTree = "<group>"; };
		CEE689FC2A85CA39007EF854 /* Info.plist */ = {isa = PBXFileReference; lastKnownFileType = text.plist.xml; path = Info.plist; sourceTree = "<group>"; };
		CEE68A062A85CA87007EF854 /* karingServiceSE-Bridging-Header.h */ = {isa = PBXFileReference; lastKnownFileType = sourcecode.c.h; path = "karingServiceSE-Bridging-Header.h"; sourceTree = "<group>"; };
		CEE68A072A85CA88007EF854 /* libbox_bridge.h */ = {isa = PBXFileReference; fileEncoding = 4; lastKnownFileType = sourcecode.c.h; path = libbox_bridge.h; sourceTree = "<group>"; };
		CEE68A082A85CA88007EF854 /* libbox_bridge.c */ = {isa = PBXFileReference; fileEncoding = 4; lastKnownFileType = sourcecode.c.c; path = libbox_bridge.c; sourceTree = "<group>"; };
		CEE68A0A2A85D2CC007EF854 /* karingServiceSE.entitlements */ = {isa = PBXFileReference; fileEncoding = 4; lastKnownFileType = text.plist.entitlements; path = karingServiceSE.entitlements; sourceTree = "<group>"; };
		CEEC19F82B142FA90076CA70 /* LibVpnCore.framework */ = {isa = PBXFileReference; explicitFileType = wrapper.framework; includeInIndex = 0; path = LibVpnCore.framework; sourceTree = BUILT_PRODUCTS_DIR; };
		CEEC1A042B142FCC0076CA70 /* Libbox.xcframework */ = {isa = PBXFileReference; lastKnownFileType = wrapper.xcframework; name = Libbox.xcframework; path = ../bind/apple/Libbox.xcframework; sourceTree = "<group>"; };
		CEEC1A132B1430910076CA70 /* ExtensionPlatformInterface.swift */ = {isa = PBXFileReference; fileEncoding = 4; lastKnownFileType = sourcecode.swift; path = ExtensionPlatformInterface.swift; sourceTree = "<group>"; };
		CEEC1A142B1430910076CA70 /* LibVpnCore.swift */ = {isa = PBXFileReference; fileEncoding = 4; lastKnownFileType = sourcecode.swift; path = LibVpnCore.swift; sourceTree = "<group>"; };
		CEEC1A152B1430910076CA70 /* Extension+RunBlocking.swift */ = {isa = PBXFileReference; fileEncoding = 4; lastKnownFileType = sourcecode.swift; path = "Extension+RunBlocking.swift"; sourceTree = "<group>"; };
		CEEC1A162B1430910076CA70 /* ExtensionProvider.swift */ = {isa = PBXFileReference; fileEncoding = 4; lastKnownFileType = sourcecode.swift; path = ExtensionProvider.swift; sourceTree = "<group>"; };
		CEEC1A232B1436050076CA70 /* libresolv.tbd */ = {isa = PBXFileReference; lastKnownFileType = "sourcecode.text-based-dylib-definition"; name = libresolv.tbd; path = Platforms/iPhoneOS.platform/Developer/SDKs/iPhoneOS17.0.sdk/usr/lib/libresolv.tbd; sourceTree = DEVELOPER_DIR; };
		CEFF66B12AF0A49700242498 /* Libbox.xcframework */ = {isa = PBXFileReference; lastKnownFileType = wrapper.xcframework; name = Libbox.xcframework; path = ../bind/apple/Libbox.xcframework; sourceTree = "<group>"; };
		D927A507EB5B1E920D18EEC3 /* Pods-Runner.release.xcconfig */ = {isa = PBXFileReference; includeInIndex = 1; lastKnownFileType = text.xcconfig; name = "Pods-Runner.release.xcconfig"; path = "Target Support Files/Pods-Runner/Pods-Runner.release.xcconfig"; sourceTree = "<group>"; };
/* End PBXFileReference section */

/* Begin PBXFrameworksBuildPhase section */
		33CC10EA2044A3C60003C045 /* Frameworks */ = {
			isa = PBXFrameworksBuildPhase;
			buildActionMask = 2147483647;
			files = (
				CEEC19FE2B142FA90076CA70 /* LibVpnCore.framework in Frameworks */,
				12E9609A611DDA9B43588B28 /* Pods_Runner.framework in Frameworks */,
			);
			runOnlyForDeploymentPostprocessing = 0;
		};
		CEBE65D72A22EAE0004691A4 /* Frameworks */ = {
			isa = PBXFrameworksBuildPhase;
			buildActionMask = 2147483647;
			files = (
				CEEC1A092B1430070076CA70 /* LibVpnCore.framework in Frameworks */,
				CEBE65DC2A22EAE0004691A4 /* NetworkExtension.framework in Frameworks */,
			);
			runOnlyForDeploymentPostprocessing = 0;
		};
		CEE689F22A85CA38007EF854 /* Frameworks */ = {
			isa = PBXFrameworksBuildPhase;
			buildActionMask = 2147483647;
			files = (
				CEEC1A0E2B14300B0076CA70 /* LibVpnCore.framework in Frameworks */,
				CEE689F62A85CA38007EF854 /* NetworkExtension.framework in Frameworks */,
			);
			runOnlyForDeploymentPostprocessing = 0;
		};
		CEEC19F52B142FA90076CA70 /* Frameworks */ = {
			isa = PBXFrameworksBuildPhase;
			buildActionMask = 2147483647;
			files = (
				CEEC1A242B1436050076CA70 /* libresolv.tbd in Frameworks */,
				CEEC1A062B142FFC0076CA70 /* Libbox.xcframework in Frameworks */,
			);
			runOnlyForDeploymentPostprocessing = 0;
		};
/* End PBXFrameworksBuildPhase section */

/* Begin PBXGroup section */
		33BA886A226E78AF003329D5 /* Configs */ = {
			isa = PBXGroup;
			children = (
				33E5194F232828860026EE4D /* AppInfo.xcconfig */,
				9740EEB21CF90195004384FC /* Debug.xcconfig */,
				7AFA3C8E1D35360C0083082E /* Release.xcconfig */,
				333000ED22D3DE5D00554162 /* Warnings.xcconfig */,
			);
			path = Configs;
			sourceTree = "<group>";
		};
		33CC10E42044A3C60003C045 = {
			isa = PBXGroup;
			children = (
				CEEC1A042B142FCC0076CA70 /* Libbox.xcframework */,
				33FAB671232836740065AC1E /* Runner */,
				33CEB47122A05771004F2AC0 /* Flutter */,
				CEBE65DD2A22EAE1004691A4 /* karingService */,
				CEE689F72A85CA39007EF854 /* karingServiceSE */,
				CEEC19F92B142FA90076CA70 /* LibVpnCore */,
				33CC10EE2044A3C60003C045 /* Products */,
				D73912EC22F37F3D000D13A0 /* Frameworks */,
				65F4E399FE2B6F7C2914C7F2 /* Pods */,
			);
			sourceTree = "<group>";
		};
		33CC10EE2044A3C60003C045 /* Products */ = {
			isa = PBXGroup;
			children = (
				33CC10ED2044A3C60003C045 /* Karing.app */,
				CEBE65DA2A22EAE0004691A4 /* karingService.appex */,
				CEE689F52A85CA38007EF854 /* com.nebula.karing.karingServiceSE.systemextension */,
				CEEC19F82B142FA90076CA70 /* LibVpnCore.framework */,
			);
			name = Products;
			sourceTree = "<group>";
		};
		33CC11242044D66E0003C045 /* Resources */ = {
			isa = PBXGroup;
			children = (
				33CC10F22044A3C60003C045 /* Assets.xcassets */,
				33CC10F42044A3C60003C045 /* MainMenu.xib */,
				33CC10F72044A3C60003C045 /* Info.plist */,
			);
			name = Resources;
			path = ..;
			sourceTree = "<group>";
		};
		33CEB47122A05771004F2AC0 /* Flutter */ = {
			isa = PBXGroup;
			children = (
				335BBD1A22A9A15E00E9071D /* GeneratedPluginRegistrant.swift */,
				33CEB47222A05771004F2AC0 /* Flutter-Debug.xcconfig */,
				33CEB47422A05771004F2AC0 /* Flutter-Release.xcconfig */,
				33CEB47722A0578A004F2AC0 /* Flutter-Generated.xcconfig */,
			);
			path = Flutter;
			sourceTree = "<group>";
		};
		33FAB671232836740065AC1E /* Runner */ = {
			isa = PBXGroup;
			children = (
				33CC10F02044A3C60003C045 /* AppDelegate.swift */,
				33CC11122044BFA00003C045 /* MainFlutterWindow.swift */,
				33E51914231749380026EE4D /* Runner.entitlements */,
				33CC11242044D66E0003C045 /* Resources */,
				33BA886A226E78AF003329D5 /* Configs */,
			);
			path = Runner;
			sourceTree = "<group>";
		};
		65F4E399FE2B6F7C2914C7F2 /* Pods */ = {
			isa = PBXGroup;
			children = (
				5DEC51C771BCF5DA2C26EB7F /* Pods-Runner.debug.xcconfig */,
				D927A507EB5B1E920D18EEC3 /* Pods-Runner.release.xcconfig */,
				8A4FBC6D9CAAB254EC3732DA /* Pods-Runner.profile.xcconfig */,
			);
			path = Pods;
			sourceTree = "<group>";
		};
		CEBE65DD2A22EAE1004691A4 /* karingService */ = {
			isa = PBXGroup;
			children = (
				CEBE65DE2A22EAE1004691A4 /* PacketTunnelProvider.swift */,
				CEBE65E02A22EAE1004691A4 /* Info.plist */,
				CE8B929F2A5C07360071C495 /* karingService.entitlements */,
				CE5C44CE2A39840D00E15AC8 /* libbox_bridge.h */,
				CE5C44CF2A39840D00E15AC8 /* libbox_bridge.c */,
				CE5C44CD2A39840C00E15AC8 /* karingService-Bridging-Header.h */,
			);
			path = karingService;
			sourceTree = "<group>";
		};
		CEE689F72A85CA39007EF854 /* karingServiceSE */ = {
			isa = PBXGroup;
			children = (
				CEE68A082A85CA88007EF854 /* libbox_bridge.c */,
				CEE68A072A85CA88007EF854 /* libbox_bridge.h */,
				CEE689F82A85CA39007EF854 /* PacketTunnelProvider.swift */,
				CEE689FA2A85CA39007EF854 /* main.swift */,
				CEE689FC2A85CA39007EF854 /* Info.plist */,
				CEE68A0A2A85D2CC007EF854 /* karingServiceSE.entitlements */,
				CEE68A062A85CA87007EF854 /* karingServiceSE-Bridging-Header.h */,
			);
			path = karingServiceSE;
			sourceTree = "<group>";
		};
		CEEC19F92B142FA90076CA70 /* LibVpnCore */ = {
			isa = PBXGroup;
			children = (
				CEEC1A152B1430910076CA70 /* Extension+RunBlocking.swift */,
				CEEC1A132B1430910076CA70 /* ExtensionPlatformInterface.swift */,
				CEEC1A162B1430910076CA70 /* ExtensionProvider.swift */,
				CEEC1A142B1430910076CA70 /* LibVpnCore.swift */,
			);
			name = LibVpnCore;
			path = ../bind/apple/LibVpnCore;
			sourceTree = "<group>";
		};
		D73912EC22F37F3D000D13A0 /* Frameworks */ = {
			isa = PBXGroup;
			children = (
				CEEC1A232B1436050076CA70 /* libresolv.tbd */,
				CEFF66B12AF0A49700242498 /* Libbox.xcframework */,
				B5EC3A85ADBD29579C7DF776 /* Pods_Runner.framework */,
				CEBE65DB2A22EAE0004691A4 /* NetworkExtension.framework */,
			);
			name = Frameworks;
			sourceTree = "<group>";
		};
/* End PBXGroup section */

/* Begin PBXHeadersBuildPhase section */
		CEEC19F32B142FA90076CA70 /* Headers */ = {
			isa = PBXHeadersBuildPhase;
			buildActionMask = 2147483647;
			files = (
			);
			runOnlyForDeploymentPostprocessing = 0;
		};
/* End PBXHeadersBuildPhase section */

/* Begin PBXNativeTarget section */
		33CC10EC2044A3C60003C045 /* Runner */ = {
			isa = PBXNativeTarget;
			buildConfigurationList = 33CC10FB2044A3C60003C045 /* Build configuration list for PBXNativeTarget "Runner" */;
			buildPhases = (
				042AA629F210691CE1606DFB /* [CP] Check Pods Manifest.lock */,
				3399D490228B24CF009A79C7 /* ShellScript */,
				33CC10E92044A3C60003C045 /* Sources */,
				33CC10EA2044A3C60003C045 /* Frameworks */,
				33CC10EB2044A3C60003C045 /* Resources */,
				33CC110E2044A8840003C045 /* Bundle Framework */,
				CEBE65E52A22EAE1004691A4 /* Embed Foundation Extensions */,
				99C3439515FD7ECFBA91E2AB /* [CP] Embed Pods Frameworks */,
				CE04E7CA29EEC43E005A52B5 /* Copy Files */,
			);
			buildRules = (
			);
			dependencies = (
				33CC11202044C79F0003C045 /* PBXTargetDependency */,
				CEBE65E32A22EAE1004691A4 /* PBXTargetDependency */,
				CEEC19FD2B142FA90076CA70 /* PBXTargetDependency */,
			);
			name = Runner;
			productName = Runner;
			productReference = 33CC10ED2044A3C60003C045 /* Karing.app */;
			productType = "com.apple.product-type.application";
		};
		CEBE65D92A22EAE0004691A4 /* karingService */ = {
			isa = PBXNativeTarget;
			buildConfigurationList = CEBE65E92A22EAE1004691A4 /* Build configuration list for PBXNativeTarget "karingService" */;
			buildPhases = (
				CEBE65D62A22EAE0004691A4 /* Sources */,
				CEBE65D72A22EAE0004691A4 /* Frameworks */,
				CEBE65D82A22EAE0004691A4 /* Resources */,
				CEEC1A0D2B1430080076CA70 /* Embed Frameworks */,
			);
			buildRules = (
			);
			dependencies = (
				CEEC1A0C2B1430070076CA70 /* PBXTargetDependency */,
			);
			name = karingService;
			productName = karingService;
			productReference = CEBE65DA2A22EAE0004691A4 /* karingService.appex */;
			productType = "com.apple.product-type.app-extension";
		};
		CEE689F42A85CA38007EF854 /* karingServiceSE */ = {
			isa = PBXNativeTarget;
			buildConfigurationList = CEE68A052A85CA39007EF854 /* Build configuration list for PBXNativeTarget "karingServiceSE" */;
			buildPhases = (
				CEE689F12A85CA38007EF854 /* Sources */,
				CEE689F22A85CA38007EF854 /* Frameworks */,
				CEE689F32A85CA38007EF854 /* Resources */,
				CEEC1A122B14300B0076CA70 /* Embed Frameworks */,
			);
			buildRules = (
			);
			dependencies = (
				CEEC1A112B14300B0076CA70 /* PBXTargetDependency */,
			);
			name = karingServiceSE;
			productName = karingServiceSE;
			productReference = CEE689F52A85CA38007EF854 /* com.nebula.karing.karingServiceSE.systemextension */;
			productType = "com.apple.product-type.system-extension";
		};
		CEEC19F72B142FA90076CA70 /* LibVpnCore */ = {
			isa = PBXNativeTarget;
			buildConfigurationList = CEEC1A002B142FAA0076CA70 /* Build configuration list for PBXNativeTarget "LibVpnCore" */;
			buildPhases = (
				CEEC19F32B142FA90076CA70 /* Headers */,
				CEEC19F42B142FA90076CA70 /* Sources */,
				CEEC19F52B142FA90076CA70 /* Frameworks */,
				CEEC19F62B142FA90076CA70 /* Resources */,
			);
			buildRules = (
			);
			dependencies = (
			);
			name = LibVpnCore;
			productName = LibVpnCore;
			productReference = CEEC19F82B142FA90076CA70 /* LibVpnCore.framework */;
			productType = "com.apple.product-type.framework";
		};
/* End PBXNativeTarget section */

/* Begin PBXProject section */
		33CC10E52044A3C60003C045 /* Project object */ = {
			isa = PBXProject;
			attributes = {
				LastSwiftUpdateCheck = 1430;
				LastUpgradeCheck = 1510;
				ORGANIZATIONNAME = "";
				TargetAttributes = {
					33CC10EC2044A3C60003C045 = {
						CreatedOnToolsVersion = 9.2;
						LastSwiftMigration = 1100;
						SystemCapabilities = {
							com.apple.Sandbox = {
								enabled = 1;
							};
						};
					};
					33CC111A2044C6BA0003C045 = {
						CreatedOnToolsVersion = 9.2;
						ProvisioningStyle = Manual;
					};
					CEBE65D92A22EAE0004691A4 = {
						CreatedOnToolsVersion = 14.3;
						LastSwiftMigration = 1430;
					};
					CEE689F42A85CA38007EF854 = {
						CreatedOnToolsVersion = 14.3.1;
						LastSwiftMigration = 1430;
					};
					CEEC19F72B142FA90076CA70 = {
						CreatedOnToolsVersion = 15.0.1;
						LastSwiftMigration = 1500;
					};
				};
			};
			buildConfigurationList = 33CC10E82044A3C60003C045 /* Build configuration list for PBXProject "Runner" */;
			compatibilityVersion = "Xcode 14.0";
			developmentRegion = en;
			hasScannedForEncodings = 0;
			knownRegions = (
				en,
				Base,
			);
			mainGroup = 33CC10E42044A3C60003C045;
			productRefGroup = 33CC10EE2044A3C60003C045 /* Products */;
			projectDirPath = "";
			projectRoot = "";
			targets = (
				33CC10EC2044A3C60003C045 /* Runner */,
				33CC111A2044C6BA0003C045 /* Flutter Assemble */,
				CEBE65D92A22EAE0004691A4 /* karingService */,
				CEE689F42A85CA38007EF854 /* karingServiceSE */,
				CEEC19F72B142FA90076CA70 /* LibVpnCore */,
			);
		};
/* End PBXProject section */

/* Begin PBXResourcesBuildPhase section */
		33CC10EB2044A3C60003C045 /* Resources */ = {
			isa = PBXResourcesBuildPhase;
			buildActionMask = 2147483647;
			files = (
				33CC10F32044A3C60003C045 /* Assets.xcassets in Resources */,
				33CC10F62044A3C60003C045 /* MainMenu.xib in Resources */,
			);
			runOnlyForDeploymentPostprocessing = 0;
		};
		CEBE65D82A22EAE0004691A4 /* Resources */ = {
			isa = PBXResourcesBuildPhase;
			buildActionMask = 2147483647;
			files = (
			);
			runOnlyForDeploymentPostprocessing = 0;
		};
		CEE689F32A85CA38007EF854 /* Resources */ = {
			isa = PBXResourcesBuildPhase;
			buildActionMask = 2147483647;
			files = (
			);
			runOnlyForDeploymentPostprocessing = 0;
		};
		CEEC19F62B142FA90076CA70 /* Resources */ = {
			isa = PBXResourcesBuildPhase;
			buildActionMask = 2147483647;
			files = (
			);
			runOnlyForDeploymentPostprocessing = 0;
		};
/* End PBXResourcesBuildPhase section */

/* Begin PBXShellScriptBuildPhase section */
		042AA629F210691CE1606DFB /* [CP] Check Pods Manifest.lock */ = {
			isa = PBXShellScriptBuildPhase;
			buildActionMask = 2147483647;
			files = (
			);
			inputFileListPaths = (
			);
			inputPaths = (
				"${PODS_PODFILE_DIR_PATH}/Podfile.lock",
				"${PODS_ROOT}/Manifest.lock",
			);
			name = "[CP] Check Pods Manifest.lock";
			outputFileListPaths = (
			);
			outputPaths = (
				"$(DERIVED_FILE_DIR)/Pods-Runner-checkManifestLockResult.txt",
			);
			runOnlyForDeploymentPostprocessing = 0;
			shellPath = /bin/sh;
			shellScript = "diff \"${PODS_PODFILE_DIR_PATH}/Podfile.lock\" \"${PODS_ROOT}/Manifest.lock\" > /dev/null\nif [ $? != 0 ] ; then\n    # print error to STDERR\n    echo \"error: The sandbox is not in sync with the Podfile.lock. Run 'pod install' or update your CocoaPods installation.\" >&2\n    exit 1\nfi\n# This output is used by Xcode 'outputs' to avoid re-running this script phase.\necho \"SUCCESS\" > \"${SCRIPT_OUTPUT_FILE_0}\"\n";
			showEnvVarsInLog = 0;
		};
		3399D490228B24CF009A79C7 /* ShellScript */ = {
			isa = PBXShellScriptBuildPhase;
			alwaysOutOfDate = 1;
			buildActionMask = 2147483647;
			files = (
			);
			inputFileListPaths = (
			);
			inputPaths = (
			);
			outputFileListPaths = (
			);
			outputPaths = (
			);
			runOnlyForDeploymentPostprocessing = 0;
			shellPath = /bin/sh;
			shellScript = "echo \"$PRODUCT_NAME.app\" > \"$PROJECT_DIR\"/Flutter/ephemeral/.app_filename && \"$FLUTTER_ROOT\"/packages/flutter_tools/bin/macos_assemble.sh embed\n";
		};
		33CC111E2044C6BF0003C045 /* ShellScript */ = {
			isa = PBXShellScriptBuildPhase;
			buildActionMask = 2147483647;
			files = (
			);
			inputFileListPaths = (
				Flutter/ephemeral/FlutterInputs.xcfilelist,
			);
			inputPaths = (
				Flutter/ephemeral/tripwire,
			);
			outputFileListPaths = (
				Flutter/ephemeral/FlutterOutputs.xcfilelist,
			);
			outputPaths = (
			);
			runOnlyForDeploymentPostprocessing = 0;
			shellPath = /bin/sh;
			shellScript = "\"$FLUTTER_ROOT\"/packages/flutter_tools/bin/macos_assemble.sh && touch Flutter/ephemeral/tripwire\n";
		};
		99C3439515FD7ECFBA91E2AB /* [CP] Embed Pods Frameworks */ = {
			isa = PBXShellScriptBuildPhase;
			buildActionMask = 2147483647;
			files = (
			);
			inputFileListPaths = (
				"${PODS_ROOT}/Target Support Files/Pods-Runner/Pods-Runner-frameworks-${CONFIGURATION}-input-files.xcfilelist",
			);
			name = "[CP] Embed Pods Frameworks";
			outputFileListPaths = (
				"${PODS_ROOT}/Target Support Files/Pods-Runner/Pods-Runner-frameworks-${CONFIGURATION}-output-files.xcfilelist",
			);
			runOnlyForDeploymentPostprocessing = 0;
			shellPath = /bin/sh;
			shellScript = "\"${PODS_ROOT}/Target Support Files/Pods-Runner/Pods-Runner-frameworks.sh\"\n";
			showEnvVarsInLog = 0;
		};
/* End PBXShellScriptBuildPhase section */

/* Begin PBXSourcesBuildPhase section */
		33CC10E92044A3C60003C045 /* Sources */ = {
			isa = PBXSourcesBuildPhase;
			buildActionMask = 2147483647;
			files = (
				33CC11132044BFA00003C045 /* MainFlutterWindow.swift in Sources */,
				33CC10F12044A3C60003C045 /* AppDelegate.swift in Sources */,
				335BBD1B22A9A15E00E9071D /* GeneratedPluginRegistrant.swift in Sources */,
			);
			runOnlyForDeploymentPostprocessing = 0;
		};
		CEBE65D62A22EAE0004691A4 /* Sources */ = {
			isa = PBXSourcesBuildPhase;
			buildActionMask = 2147483647;
			files = (
				CE5C44D02A39840D00E15AC8 /* libbox_bridge.c in Sources */,
				CEBE65DF2A22EAE1004691A4 /* PacketTunnelProvider.swift in Sources */,
			);
			runOnlyForDeploymentPostprocessing = 0;
		};
		CEE689F12A85CA38007EF854 /* Sources */ = {
			isa = PBXSourcesBuildPhase;
			buildActionMask = 2147483647;
			files = (
				CEE689FB2A85CA39007EF854 /* main.swift in Sources */,
				CEE689F92A85CA39007EF854 /* PacketTunnelProvider.swift in Sources */,
				CEE68A092A85CA88007EF854 /* libbox_bridge.c in Sources */,
			);
			runOnlyForDeploymentPostprocessing = 0;
		};
		CEEC19F42B142FA90076CA70 /* Sources */ = {
			isa = PBXSourcesBuildPhase;
			buildActionMask = 2147483647;
			files = (
				CEEC1A172B1430910076CA70 /* ExtensionPlatformInterface.swift in Sources */,
				CEEC1A182B1430910076CA70 /* LibVpnCore.swift in Sources */,
				CEEC1A1A2B1430910076CA70 /* ExtensionProvider.swift in Sources */,
				CEEC1A192B1430910076CA70 /* Extension+RunBlocking.swift in Sources */,
			);
			runOnlyForDeploymentPostprocessing = 0;
		};
/* End PBXSourcesBuildPhase section */

/* Begin PBXTargetDependency section */
		33CC11202044C79F0003C045 /* PBXTargetDependency */ = {
			isa = PBXTargetDependency;
			target = 33CC111A2044C6BA0003C045 /* Flutter Assemble */;
			targetProxy = 33CC111F2044C79F0003C045 /* PBXContainerItemProxy */;
		};
		CEBE65E32A22EAE1004691A4 /* PBXTargetDependency */ = {
			isa = PBXTargetDependency;
			target = CEBE65D92A22EAE0004691A4 /* karingService */;
			targetProxy = CEBE65E22A22EAE1004691A4 /* PBXContainerItemProxy */;
		};
		CEEC19FD2B142FA90076CA70 /* PBXTargetDependency */ = {
			isa = PBXTargetDependency;
			target = CEEC19F72B142FA90076CA70 /* LibVpnCore */;
			targetProxy = CEEC19FC2B142FA90076CA70 /* PBXContainerItemProxy */;
		};
		CEEC1A0C2B1430070076CA70 /* PBXTargetDependency */ = {
			isa = PBXTargetDependency;
			target = CEEC19F72B142FA90076CA70 /* LibVpnCore */;
			targetProxy = CEEC1A0B2B1430070076CA70 /* PBXContainerItemProxy */;
		};
		CEEC1A112B14300B0076CA70 /* PBXTargetDependency */ = {
			isa = PBXTargetDependency;
			target = CEEC19F72B142FA90076CA70 /* LibVpnCore */;
			targetProxy = CEEC1A102B14300B0076CA70 /* PBXContainerItemProxy */;
		};
/* End PBXTargetDependency section */

/* Begin PBXVariantGroup section */
		33CC10F42044A3C60003C045 /* MainMenu.xib */ = {
			isa = PBXVariantGroup;
			children = (
				33CC10F52044A3C60003C045 /* Base */,
			);
			name = MainMenu.xib;
			path = Runner;
			sourceTree = "<group>";
		};
/* End PBXVariantGroup section */

/* Begin XCBuildConfiguration section */
		338D0CE9231458BD00FA5F75 /* Profile */ = {
			isa = XCBuildConfiguration;
			baseConfigurationReference = 7AFA3C8E1D35360C0083082E /* Release.xcconfig */;
			buildSettings = {
				ALWAYS_SEARCH_USER_PATHS = NO;
				CLANG_ANALYZER_NONNULL = YES;
				CLANG_ANALYZER_NUMBER_OBJECT_CONVERSION = YES_AGGRESSIVE;
				CLANG_CXX_LANGUAGE_STANDARD = "gnu++14";
				CLANG_CXX_LIBRARY = "libc++";
				CLANG_ENABLE_MODULES = YES;
				CLANG_ENABLE_OBJC_ARC = YES;
				CLANG_WARN_BLOCK_CAPTURE_AUTORELEASING = YES;
				CLANG_WARN_BOOL_CONVERSION = YES;
				CLANG_WARN_CONSTANT_CONVERSION = YES;
				CLANG_WARN_DEPRECATED_OBJC_IMPLEMENTATIONS = YES;
				CLANG_WARN_DIRECT_OBJC_ISA_USAGE = YES_ERROR;
				CLANG_WARN_DOCUMENTATION_COMMENTS = YES;
				CLANG_WARN_EMPTY_BODY = YES;
				CLANG_WARN_ENUM_CONVERSION = YES;
				CLANG_WARN_INFINITE_RECURSION = YES;
				CLANG_WARN_INT_CONVERSION = YES;
				CLANG_WARN_NON_LITERAL_NULL_CONVERSION = YES;
				CLANG_WARN_OBJC_LITERAL_CONVERSION = YES;
				CLANG_WARN_OBJC_ROOT_CLASS = YES_ERROR;
				CLANG_WARN_RANGE_LOOP_ANALYSIS = YES;
				CLANG_WARN_SUSPICIOUS_MOVE = YES;
				CODE_SIGN_IDENTITY = "-";
				COPY_PHASE_STRIP = NO;
				DEBUG_INFORMATION_FORMAT = "dwarf-with-dsym";
				ENABLE_NS_ASSERTIONS = NO;
				ENABLE_STRICT_OBJC_MSGSEND = YES;
				GCC_C_LANGUAGE_STANDARD = gnu11;
				GCC_NO_COMMON_BLOCKS = YES;
				GCC_WARN_64_TO_32_BIT_CONVERSION = YES;
				GCC_WARN_ABOUT_RETURN_TYPE = YES_ERROR;
				GCC_WARN_UNINITIALIZED_AUTOS = YES_AGGRESSIVE;
				GCC_WARN_UNUSED_FUNCTION = YES;
				GCC_WARN_UNUSED_VARIABLE = YES;
				MACOSX_DEPLOYMENT_TARGET = 10.14;
				MTL_ENABLE_DEBUG_INFO = NO;
				SDKROOT = macosx;
				SWIFT_COMPILATION_MODE = wholemodule;
				SWIFT_OPTIMIZATION_LEVEL = "-O";
			};
			name = Profile;
		};
		338D0CEA231458BD00FA5F75 /* Profile */ = {
			isa = XCBuildConfiguration;
			baseConfigurationReference = 33E5194F232828860026EE4D /* AppInfo.xcconfig */;
			buildSettings = {
				ALWAYS_EMBED_SWIFT_STANDARD_LIBRARIES = YES;
				ASSETCATALOG_COMPILER_APPICON_NAME = AppIcon;
				CLANG_ENABLE_MODULES = YES;
				CODE_SIGN_ENTITLEMENTS = Runner/Runner.entitlements;
				CODE_SIGN_IDENTITY = "Apple Development";
				CODE_SIGN_STYLE = Automatic;
				COMBINE_HIDPI_IMAGES = YES;
				CURRENT_PROJECT_VERSION = "$(FLUTTER_BUILD_NUMBER)";
				DEVELOPMENT_TEAM = TNPM9PFX3W;
				INFOPLIST_FILE = Runner/Info.plist;
				INFOPLIST_KEY_CFBundleDisplayName = Karing;
				INFOPLIST_KEY_LSApplicationCategoryType = "public.app-category.utilities";
				LD_RUNPATH_SEARCH_PATHS = (
					"$(inherited)",
					"@executable_path/../Frameworks",
				);
				LIBRARY_SEARCH_PATHS = "$(inherited)";
				MACOSX_DEPLOYMENT_TARGET = 12.0;
				MARKETING_VERSION = "$(FLUTTER_BUILD_NAME)";
				MY_BUNDLE_DISPLAY_NAME = Karing;
				PRODUCT_NAME = "${MY_BUNDLE_DISPLAY_NAME}";
				PROVISIONING_PROFILE_SPECIFIER = "";
				SWIFT_VERSION = 5.0;
			};
			name = Profile;
		};
		338D0CEB231458BD00FA5F75 /* Profile */ = {
			isa = XCBuildConfiguration;
			buildSettings = {
				CODE_SIGN_STYLE = Manual;
				PRODUCT_NAME = "$(TARGET_NAME)";
			};
			name = Profile;
		};
		33CC10F92044A3C60003C045 /* Debug */ = {
			isa = XCBuildConfiguration;
			baseConfigurationReference = 9740EEB21CF90195004384FC /* Debug.xcconfig */;
			buildSettings = {
				ALWAYS_SEARCH_USER_PATHS = NO;
				CLANG_ANALYZER_NONNULL = YES;
				CLANG_ANALYZER_NUMBER_OBJECT_CONVERSION = YES_AGGRESSIVE;
				CLANG_CXX_LANGUAGE_STANDARD = "gnu++14";
				CLANG_CXX_LIBRARY = "libc++";
				CLANG_ENABLE_MODULES = YES;
				CLANG_ENABLE_OBJC_ARC = YES;
				CLANG_WARN_BLOCK_CAPTURE_AUTORELEASING = YES;
				CLANG_WARN_BOOL_CONVERSION = YES;
				CLANG_WARN_CONSTANT_CONVERSION = YES;
				CLANG_WARN_DEPRECATED_OBJC_IMPLEMENTATIONS = YES;
				CLANG_WARN_DIRECT_OBJC_ISA_USAGE = YES_ERROR;
				CLANG_WARN_DOCUMENTATION_COMMENTS = YES;
				CLANG_WARN_EMPTY_BODY = YES;
				CLANG_WARN_ENUM_CONVERSION = YES;
				CLANG_WARN_INFINITE_RECURSION = YES;
				CLANG_WARN_INT_CONVERSION = YES;
				CLANG_WARN_NON_LITERAL_NULL_CONVERSION = YES;
				CLANG_WARN_OBJC_LITERAL_CONVERSION = YES;
				CLANG_WARN_OBJC_ROOT_CLASS = YES_ERROR;
				CLANG_WARN_RANGE_LOOP_ANALYSIS = YES;
				CLANG_WARN_SUSPICIOUS_MOVE = YES;
				CODE_SIGN_IDENTITY = "-";
				COPY_PHASE_STRIP = NO;
				DEBUG_INFORMATION_FORMAT = "dwarf-with-dsym";
				ENABLE_STRICT_OBJC_MSGSEND = YES;
				ENABLE_TESTABILITY = YES;
				GCC_C_LANGUAGE_STANDARD = gnu11;
				GCC_DYNAMIC_NO_PIC = NO;
				GCC_NO_COMMON_BLOCKS = YES;
				GCC_OPTIMIZATION_LEVEL = 0;
				GCC_PREPROCESSOR_DEFINITIONS = (
					"DEBUG=1",
					"$(inherited)",
				);
				GCC_WARN_64_TO_32_BIT_CONVERSION = YES;
				GCC_WARN_ABOUT_RETURN_TYPE = YES_ERROR;
				GCC_WARN_UNINITIALIZED_AUTOS = YES_AGGRESSIVE;
				GCC_WARN_UNUSED_FUNCTION = YES;
				GCC_WARN_UNUSED_VARIABLE = YES;
				MACOSX_DEPLOYMENT_TARGET = 10.14;
				MTL_ENABLE_DEBUG_INFO = YES;
				ONLY_ACTIVE_ARCH = YES;
				SDKROOT = macosx;
				SWIFT_ACTIVE_COMPILATION_CONDITIONS = DEBUG;
				SWIFT_OPTIMIZATION_LEVEL = "-Onone";
			};
			name = Debug;
		};
		33CC10FA2044A3C60003C045 /* Release */ = {
			isa = XCBuildConfiguration;
			baseConfigurationReference = 7AFA3C8E1D35360C0083082E /* Release.xcconfig */;
			buildSettings = {
				ALWAYS_SEARCH_USER_PATHS = NO;
				CLANG_ANALYZER_NONNULL = YES;
				CLANG_ANALYZER_NUMBER_OBJECT_CONVERSION = YES_AGGRESSIVE;
				CLANG_CXX_LANGUAGE_STANDARD = "gnu++14";
				CLANG_CXX_LIBRARY = "libc++";
				CLANG_ENABLE_MODULES = YES;
				CLANG_ENABLE_OBJC_ARC = YES;
				CLANG_WARN_BLOCK_CAPTURE_AUTORELEASING = YES;
				CLANG_WARN_BOOL_CONVERSION = YES;
				CLANG_WARN_CONSTANT_CONVERSION = YES;
				CLANG_WARN_DEPRECATED_OBJC_IMPLEMENTATIONS = YES;
				CLANG_WARN_DIRECT_OBJC_ISA_USAGE = YES_ERROR;
				CLANG_WARN_DOCUMENTATION_COMMENTS = YES;
				CLANG_WARN_EMPTY_BODY = YES;
				CLANG_WARN_ENUM_CONVERSION = YES;
				CLANG_WARN_INFINITE_RECURSION = YES;
				CLANG_WARN_INT_CONVERSION = YES;
				CLANG_WARN_NON_LITERAL_NULL_CONVERSION = YES;
				CLANG_WARN_OBJC_LITERAL_CONVERSION = YES;
				CLANG_WARN_OBJC_ROOT_CLASS = YES_ERROR;
				CLANG_WARN_RANGE_LOOP_ANALYSIS = YES;
				CLANG_WARN_SUSPICIOUS_MOVE = YES;
				CODE_SIGN_IDENTITY = "-";
				COPY_PHASE_STRIP = NO;
				DEBUG_INFORMATION_FORMAT = "dwarf-with-dsym";
				ENABLE_NS_ASSERTIONS = NO;
				ENABLE_STRICT_OBJC_MSGSEND = YES;
				GCC_C_LANGUAGE_STANDARD = gnu11;
				GCC_NO_COMMON_BLOCKS = YES;
				GCC_WARN_64_TO_32_BIT_CONVERSION = YES;
				GCC_WARN_ABOUT_RETURN_TYPE = YES_ERROR;
				GCC_WARN_UNINITIALIZED_AUTOS = YES_AGGRESSIVE;
				GCC_WARN_UNUSED_FUNCTION = YES;
				GCC_WARN_UNUSED_VARIABLE = YES;
				MACOSX_DEPLOYMENT_TARGET = 10.14;
				MTL_ENABLE_DEBUG_INFO = NO;
				SDKROOT = macosx;
				SWIFT_COMPILATION_MODE = wholemodule;
				SWIFT_OPTIMIZATION_LEVEL = "-O";
			};
			name = Release;
		};
		33CC10FC2044A3C60003C045 /* Debug */ = {
			isa = XCBuildConfiguration;
			baseConfigurationReference = 33E5194F232828860026EE4D /* AppInfo.xcconfig */;
			buildSettings = {
				ALWAYS_EMBED_SWIFT_STANDARD_LIBRARIES = YES;
				ASSETCATALOG_COMPILER_APPICON_NAME = AppIcon;
				CLANG_ENABLE_MODULES = YES;
				CODE_SIGN_ENTITLEMENTS = Runner/Runner.entitlements;
				CODE_SIGN_IDENTITY = "Apple Development";
				CODE_SIGN_STYLE = Automatic;
				COMBINE_HIDPI_IMAGES = YES;
				CURRENT_PROJECT_VERSION = "$(FLUTTER_BUILD_NUMBER)";
				DEVELOPMENT_TEAM = TNPM9PFX3W;
				INFOPLIST_FILE = Runner/Info.plist;
				INFOPLIST_KEY_CFBundleDisplayName = Karing;
				INFOPLIST_KEY_LSApplicationCategoryType = "public.app-category.utilities";
				LD_RUNPATH_SEARCH_PATHS = (
					"$(inherited)",
					"@executable_path/../Frameworks",
				);
				LIBRARY_SEARCH_PATHS = "$(inherited)";
				MACOSX_DEPLOYMENT_TARGET = 12.0;
				MARKETING_VERSION = "$(FLUTTER_BUILD_NAME)";
				MY_BUNDLE_DISPLAY_NAME = Karing;
				PRODUCT_NAME = "${MY_BUNDLE_DISPLAY_NAME}";
				PROVISIONING_PROFILE_SPECIFIER = "";
				SWIFT_OPTIMIZATION_LEVEL = "-Onone";
				SWIFT_VERSION = 5.0;
			};
			name = Debug;
		};
		33CC10FD2044A3C60003C045 /* Release */ = {
			isa = XCBuildConfiguration;
			baseConfigurationReference = 33E5194F232828860026EE4D /* AppInfo.xcconfig */;
			buildSettings = {
				ALWAYS_EMBED_SWIFT_STANDARD_LIBRARIES = YES;
				ASSETCATALOG_COMPILER_APPICON_NAME = AppIcon;
				CLANG_ENABLE_MODULES = YES;
				CODE_SIGN_ENTITLEMENTS = Runner/Runner.entitlements;
				CODE_SIGN_IDENTITY = "Apple Development";
				CODE_SIGN_STYLE = Automatic;
				COMBINE_HIDPI_IMAGES = YES;
				CURRENT_PROJECT_VERSION = "$(FLUTTER_BUILD_NUMBER)";
				DEVELOPMENT_TEAM = TNPM9PFX3W;
				ENABLE_HARDENED_RUNTIME = YES;
				INFOPLIST_FILE = Runner/Info.plist;
				INFOPLIST_KEY_CFBundleDisplayName = Karing;
				INFOPLIST_KEY_LSApplicationCategoryType = "public.app-category.utilities";
				LD_RUNPATH_SEARCH_PATHS = (
					"$(inherited)",
					"@executable_path/../Frameworks",
				);
				LIBRARY_SEARCH_PATHS = "$(inherited)";
				MACOSX_DEPLOYMENT_TARGET = 12.0;
				MARKETING_VERSION = "$(FLUTTER_BUILD_NAME)";
				MY_BUNDLE_DISPLAY_NAME = Karing;
				PRODUCT_NAME = "${MY_BUNDLE_DISPLAY_NAME}";
				PROVISIONING_PROFILE_SPECIFIER = "";
				SWIFT_VERSION = 5.0;
			};
			name = Release;
		};
		33CC111C2044C6BA0003C045 /* Debug */ = {
			isa = XCBuildConfiguration;
			buildSettings = {
				CODE_SIGN_STYLE = Manual;
				PRODUCT_NAME = "$(TARGET_NAME)";
			};
			name = Debug;
		};
		33CC111D2044C6BA0003C045 /* Release */ = {
			isa = XCBuildConfiguration;
			buildSettings = {
				CODE_SIGN_STYLE = Automatic;
				PRODUCT_NAME = "$(TARGET_NAME)";
			};
			name = Release;
		};
		CEBE65E62A22EAE1004691A4 /* Debug */ = {
			isa = XCBuildConfiguration;
			buildSettings = {
				CLANG_CXX_LANGUAGE_STANDARD = "gnu++20";
				CLANG_ENABLE_MODULES = YES;
				CLANG_ENABLE_OBJC_WEAK = YES;
				CLANG_WARN_COMMA = YES;
				CLANG_WARN_OBJC_IMPLICIT_RETAIN_SELF = YES;
				CLANG_WARN_QUOTED_INCLUDE_IN_FRAMEWORK_HEADER = YES;
				CLANG_WARN_STRICT_PROTOTYPES = YES;
				CLANG_WARN_UNGUARDED_AVAILABILITY = YES_AGGRESSIVE;
				CLANG_WARN_UNREACHABLE_CODE = YES;
				CLANG_WARN__DUPLICATE_METHOD_MATCH = YES;
				CODE_SIGN_ENTITLEMENTS = karingService/karingService.entitlements;
				CODE_SIGN_IDENTITY = "Apple Development";
				CODE_SIGN_STYLE = Automatic;
				CURRENT_PROJECT_VERSION = "$(FLUTTER_BUILD_NUMBER)";
				DEBUG_INFORMATION_FORMAT = dwarf;
				DEVELOPMENT_TEAM = TNPM9PFX3W;
				ENABLE_HARDENED_RUNTIME = NO;
				GCC_WARN_UNDECLARED_SELECTOR = YES;
				GENERATE_INFOPLIST_FILE = YES;
				INFOPLIST_FILE = karingService/Info.plist;
				INFOPLIST_KEY_CFBundleDisplayName = karingService;
				INFOPLIST_KEY_NSHumanReadableCopyright = "";
				LD_RUNPATH_SEARCH_PATHS = (
					"$(inherited)",
					"@executable_path/../Frameworks",
					"@executable_path/../../../../Frameworks",
				);
				LIBRARY_SEARCH_PATHS = "$(inherited)";
				MACOSX_DEPLOYMENT_TARGET = 12.0;
				MARKETING_VERSION = "$(FLUTTER_BUILD_NAME)";
				MTL_ENABLE_DEBUG_INFO = INCLUDE_SOURCE;
				MTL_FAST_MATH = YES;
				OTHER_LDFLAGS = "";
				PRODUCT_BUNDLE_IDENTIFIER = com.nebula.karing.karingService;
				PRODUCT_NAME = "$(TARGET_NAME)";
				PROVISIONING_PROFILE_SPECIFIER = "";
				SKIP_INSTALL = YES;
				SWIFT_EMIT_LOC_STRINGS = YES;
				SWIFT_OBJC_BRIDGING_HEADER = "karingService/karingService-Bridging-Header.h";
				SWIFT_OPTIMIZATION_LEVEL = "-Onone";
				SWIFT_VERSION = 5.0;
			};
			name = Debug;
		};
		CEBE65E72A22EAE1004691A4 /* Release */ = {
			isa = XCBuildConfiguration;
			buildSettings = {
				CLANG_CXX_LANGUAGE_STANDARD = "gnu++20";
				CLANG_ENABLE_MODULES = YES;
				CLANG_ENABLE_OBJC_WEAK = YES;
				CLANG_WARN_COMMA = YES;
				CLANG_WARN_OBJC_IMPLICIT_RETAIN_SELF = YES;
				CLANG_WARN_QUOTED_INCLUDE_IN_FRAMEWORK_HEADER = YES;
				CLANG_WARN_STRICT_PROTOTYPES = YES;
				CLANG_WARN_UNGUARDED_AVAILABILITY = YES_AGGRESSIVE;
				CLANG_WARN_UNREACHABLE_CODE = YES;
				CLANG_WARN__DUPLICATE_METHOD_MATCH = YES;
				CODE_SIGN_ENTITLEMENTS = karingService/karingService.entitlements;
				CODE_SIGN_IDENTITY = "Apple Development";
				CODE_SIGN_STYLE = Automatic;
				CURRENT_PROJECT_VERSION = "$(FLUTTER_BUILD_NUMBER)";
				DEVELOPMENT_TEAM = TNPM9PFX3W;
				ENABLE_HARDENED_RUNTIME = YES;
				GCC_WARN_UNDECLARED_SELECTOR = YES;
				GENERATE_INFOPLIST_FILE = YES;
				INFOPLIST_FILE = karingService/Info.plist;
				INFOPLIST_KEY_CFBundleDisplayName = karingService;
				INFOPLIST_KEY_NSHumanReadableCopyright = "";
				LD_RUNPATH_SEARCH_PATHS = (
					"$(inherited)",
					"@executable_path/../Frameworks",
					"@executable_path/../../../../Frameworks",
				);
				LIBRARY_SEARCH_PATHS = "$(inherited)";
				MACOSX_DEPLOYMENT_TARGET = 12.0;
				MARKETING_VERSION = "$(FLUTTER_BUILD_NAME)";
				MTL_FAST_MATH = YES;
				OTHER_LDFLAGS = "";
				PRODUCT_BUNDLE_IDENTIFIER = com.nebula.karing.karingService;
				PRODUCT_NAME = "$(TARGET_NAME)";
				PROVISIONING_PROFILE_SPECIFIER = "";
				SKIP_INSTALL = YES;
				SWIFT_EMIT_LOC_STRINGS = YES;
				SWIFT_OBJC_BRIDGING_HEADER = "karingService/karingService-Bridging-Header.h";
				SWIFT_VERSION = 5.0;
			};
			name = Release;
		};
		CEBE65E82A22EAE1004691A4 /* Profile */ = {
			isa = XCBuildConfiguration;
			buildSettings = {
				CLANG_CXX_LANGUAGE_STANDARD = "gnu++20";
				CLANG_ENABLE_MODULES = YES;
				CLANG_ENABLE_OBJC_WEAK = YES;
				CLANG_WARN_COMMA = YES;
				CLANG_WARN_OBJC_IMPLICIT_RETAIN_SELF = YES;
				CLANG_WARN_QUOTED_INCLUDE_IN_FRAMEWORK_HEADER = YES;
				CLANG_WARN_STRICT_PROTOTYPES = YES;
				CLANG_WARN_UNGUARDED_AVAILABILITY = YES_AGGRESSIVE;
				CLANG_WARN_UNREACHABLE_CODE = YES;
				CLANG_WARN__DUPLICATE_METHOD_MATCH = YES;
				CODE_SIGN_ENTITLEMENTS = karingService/karingService.entitlements;
				CODE_SIGN_IDENTITY = "Apple Development";
				CODE_SIGN_STYLE = Automatic;
				CURRENT_PROJECT_VERSION = "$(FLUTTER_BUILD_NUMBER)";
				DEVELOPMENT_TEAM = TNPM9PFX3W;
				ENABLE_HARDENED_RUNTIME = NO;
				GCC_WARN_UNDECLARED_SELECTOR = YES;
				GENERATE_INFOPLIST_FILE = YES;
				INFOPLIST_FILE = karingService/Info.plist;
				INFOPLIST_KEY_CFBundleDisplayName = karingService;
				INFOPLIST_KEY_NSHumanReadableCopyright = "";
				LD_RUNPATH_SEARCH_PATHS = (
					"$(inherited)",
					"@executable_path/../Frameworks",
					"@executable_path/../../../../Frameworks",
				);
				LIBRARY_SEARCH_PATHS = "$(inherited)";
				MACOSX_DEPLOYMENT_TARGET = 12.0;
				MARKETING_VERSION = "$(FLUTTER_BUILD_NAME)";
				MTL_FAST_MATH = YES;
				OTHER_LDFLAGS = "";
				PRODUCT_BUNDLE_IDENTIFIER = com.nebula.karing.karingService;
				PRODUCT_NAME = "$(TARGET_NAME)";
				PROVISIONING_PROFILE_SPECIFIER = "";
				SKIP_INSTALL = YES;
				SWIFT_EMIT_LOC_STRINGS = YES;
				SWIFT_OBJC_BRIDGING_HEADER = "karingService/karingService-Bridging-Header.h";
				SWIFT_VERSION = 5.0;
			};
			name = Profile;
		};
		CEE68A022A85CA39007EF854 /* Debug */ = {
			isa = XCBuildConfiguration;
			buildSettings = {
				CLANG_CXX_LANGUAGE_STANDARD = "gnu++20";
				CLANG_ENABLE_MODULES = YES;
				CLANG_ENABLE_OBJC_WEAK = YES;
				CLANG_WARN_COMMA = YES;
				CLANG_WARN_OBJC_IMPLICIT_RETAIN_SELF = YES;
				CLANG_WARN_QUOTED_INCLUDE_IN_FRAMEWORK_HEADER = YES;
				CLANG_WARN_STRICT_PROTOTYPES = YES;
				CLANG_WARN_UNGUARDED_AVAILABILITY = YES_AGGRESSIVE;
				CLANG_WARN_UNREACHABLE_CODE = YES;
				CLANG_WARN__DUPLICATE_METHOD_MATCH = YES;
				CODE_SIGN_ENTITLEMENTS = karingServiceSE/karingServiceSE.entitlements;
				CODE_SIGN_IDENTITY = "Apple Development";
				CODE_SIGN_STYLE = Manual;
				CURRENT_PROJECT_VERSION = 1;
				DEBUG_INFORMATION_FORMAT = dwarf;
				DEVELOPMENT_TEAM = "";
				ENABLE_HARDENED_RUNTIME = YES;
				GCC_WARN_UNDECLARED_SELECTOR = YES;
				GENERATE_INFOPLIST_FILE = YES;
				INFOPLIST_FILE = karingServiceSE/Info.plist;
				INFOPLIST_KEY_CFBundleDisplayName = karingServiceSE;
				INFOPLIST_KEY_NSHumanReadableCopyright = "";
				LD_RUNPATH_SEARCH_PATHS = (
					"$(inherited)",
					"@executable_path/../Frameworks",
					"@executable_path/../../../../Frameworks",
				);
				LIBRARY_SEARCH_PATHS = "$(inherited)";
				MACOSX_DEPLOYMENT_TARGET = 12.0;
				MARKETING_VERSION = 1.0;
				MTL_ENABLE_DEBUG_INFO = INCLUDE_SOURCE;
				MTL_FAST_MATH = YES;
				OTHER_LDFLAGS = "";
				PRODUCT_BUNDLE_IDENTIFIER = com.nebula.karing.karingServiceSE;
				PRODUCT_NAME = "$(inherited)";
				PROVISIONING_PROFILE_SPECIFIER = "";
				SKIP_INSTALL = YES;
				SWIFT_EMIT_LOC_STRINGS = YES;
				SWIFT_OBJC_BRIDGING_HEADER = "karingServiceSE/karingServiceSE-Bridging-Header.h";
				SWIFT_OPTIMIZATION_LEVEL = "-Onone";
				SWIFT_VERSION = 5.0;
			};
			name = Debug;
		};
		CEE68A032A85CA39007EF854 /* Release */ = {
			isa = XCBuildConfiguration;
			buildSettings = {
				CLANG_CXX_LANGUAGE_STANDARD = "gnu++20";
				CLANG_ENABLE_MODULES = YES;
				CLANG_ENABLE_OBJC_WEAK = YES;
				CLANG_WARN_COMMA = YES;
				CLANG_WARN_OBJC_IMPLICIT_RETAIN_SELF = YES;
				CLANG_WARN_QUOTED_INCLUDE_IN_FRAMEWORK_HEADER = YES;
				CLANG_WARN_STRICT_PROTOTYPES = YES;
				CLANG_WARN_UNGUARDED_AVAILABILITY = YES_AGGRESSIVE;
				CLANG_WARN_UNREACHABLE_CODE = YES;
				CLANG_WARN__DUPLICATE_METHOD_MATCH = YES;
				CODE_SIGN_ENTITLEMENTS = karingServiceSE/karingServiceSE.entitlements;
				CODE_SIGN_IDENTITY = "Apple Development";
				CODE_SIGN_STYLE = Manual;
				CURRENT_PROJECT_VERSION = 1;
				DEVELOPMENT_TEAM = "";
				ENABLE_HARDENED_RUNTIME = YES;
				GCC_WARN_UNDECLARED_SELECTOR = YES;
				GENERATE_INFOPLIST_FILE = YES;
				INFOPLIST_FILE = karingServiceSE/Info.plist;
				INFOPLIST_KEY_CFBundleDisplayName = karingServiceSE;
				INFOPLIST_KEY_NSHumanReadableCopyright = "";
				LD_RUNPATH_SEARCH_PATHS = (
					"$(inherited)",
					"@executable_path/../Frameworks",
					"@executable_path/../../../../Frameworks",
				);
				LIBRARY_SEARCH_PATHS = "$(inherited)";
				MACOSX_DEPLOYMENT_TARGET = 12.0;
				MARKETING_VERSION = 1.0;
				MTL_FAST_MATH = YES;
				OTHER_LDFLAGS = "";
				PRODUCT_BUNDLE_IDENTIFIER = com.nebula.karing.karingServiceSE;
				PRODUCT_NAME = "$(inherited)";
				PROVISIONING_PROFILE_SPECIFIER = "";
				SKIP_INSTALL = YES;
				SWIFT_EMIT_LOC_STRINGS = YES;
				SWIFT_OBJC_BRIDGING_HEADER = "karingServiceSE/karingServiceSE-Bridging-Header.h";
				SWIFT_VERSION = 5.0;
			};
			name = Release;
		};
		CEE68A042A85CA39007EF854 /* Profile */ = {
			isa = XCBuildConfiguration;
			buildSettings = {
				CLANG_CXX_LANGUAGE_STANDARD = "gnu++20";
				CLANG_ENABLE_MODULES = YES;
				CLANG_ENABLE_OBJC_WEAK = YES;
				CLANG_WARN_COMMA = YES;
				CLANG_WARN_OBJC_IMPLICIT_RETAIN_SELF = YES;
				CLANG_WARN_QUOTED_INCLUDE_IN_FRAMEWORK_HEADER = YES;
				CLANG_WARN_STRICT_PROTOTYPES = YES;
				CLANG_WARN_UNGUARDED_AVAILABILITY = YES_AGGRESSIVE;
				CLANG_WARN_UNREACHABLE_CODE = YES;
				CLANG_WARN__DUPLICATE_METHOD_MATCH = YES;
				CODE_SIGN_ENTITLEMENTS = karingServiceSE/karingServiceSE.entitlements;
				CODE_SIGN_IDENTITY = "Apple Development";
				CODE_SIGN_STYLE = Manual;
				CURRENT_PROJECT_VERSION = 1;
				DEVELOPMENT_TEAM = "";
				ENABLE_HARDENED_RUNTIME = YES;
				GCC_WARN_UNDECLARED_SELECTOR = YES;
				GENERATE_INFOPLIST_FILE = YES;
				INFOPLIST_FILE = karingServiceSE/Info.plist;
				INFOPLIST_KEY_CFBundleDisplayName = karingServiceSE;
				INFOPLIST_KEY_NSHumanReadableCopyright = "";
				LD_RUNPATH_SEARCH_PATHS = (
					"$(inherited)",
					"@executable_path/../Frameworks",
					"@executable_path/../../../../Frameworks",
				);
				LIBRARY_SEARCH_PATHS = "$(inherited)";
				MACOSX_DEPLOYMENT_TARGET = 12.0;
				MARKETING_VERSION = 1.0;
				MTL_FAST_MATH = YES;
				OTHER_LDFLAGS = "";
				PRODUCT_BUNDLE_IDENTIFIER = com.nebula.karing.karingServiceSE;
				PRODUCT_NAME = "$(inherited)";
				PROVISIONING_PROFILE_SPECIFIER = "";
				SKIP_INSTALL = YES;
				SWIFT_EMIT_LOC_STRINGS = YES;
				SWIFT_OBJC_BRIDGING_HEADER = "karingServiceSE/karingServiceSE-Bridging-Header.h";
				SWIFT_VERSION = 5.0;
			};
			name = Profile;
		};
		CEEC1A012B142FAA0076CA70 /* Debug */ = {
			isa = XCBuildConfiguration;
			buildSettings = {
				ASSETCATALOG_COMPILER_GENERATE_SWIFT_ASSET_SYMBOL_EXTENSIONS = YES;
				CLANG_CXX_LANGUAGE_STANDARD = "gnu++20";
				CLANG_ENABLE_MODULES = YES;
				CLANG_ENABLE_OBJC_WEAK = YES;
				CLANG_WARN_COMMA = YES;
				CLANG_WARN_OBJC_IMPLICIT_RETAIN_SELF = YES;
				CLANG_WARN_QUOTED_INCLUDE_IN_FRAMEWORK_HEADER = YES;
				CLANG_WARN_STRICT_PROTOTYPES = YES;
				CLANG_WARN_UNGUARDED_AVAILABILITY = YES_AGGRESSIVE;
				CLANG_WARN_UNREACHABLE_CODE = YES;
				CLANG_WARN__DUPLICATE_METHOD_MATCH = YES;
				CODE_SIGN_IDENTITY = "Apple Development";
				CODE_SIGN_STYLE = Automatic;
				CURRENT_PROJECT_VERSION = 1;
				DEBUG_INFORMATION_FORMAT = dwarf;
				DEFINES_MODULE = YES;
				DEVELOPMENT_TEAM = TNPM9PFX3W;
				DYLIB_COMPATIBILITY_VERSION = 1;
				DYLIB_CURRENT_VERSION = 1;
				DYLIB_INSTALL_NAME_BASE = "@rpath";
				ENABLE_MODULE_VERIFIER = YES;
				ENABLE_USER_SCRIPT_SANDBOXING = YES;
				GCC_C_LANGUAGE_STANDARD = gnu17;
				GCC_WARN_UNDECLARED_SELECTOR = YES;
				GENERATE_INFOPLIST_FILE = YES;
				INFOPLIST_KEY_NSHumanReadableCopyright = "";
				INSTALL_PATH = "$(LOCAL_LIBRARY_DIR)/Frameworks";
				IPHONEOS_DEPLOYMENT_TARGET = 15.0;
				LD_RUNPATH_SEARCH_PATHS = (
					"@executable_path/Frameworks",
					"@loader_path/Frameworks",
				);
				"LD_RUNPATH_SEARCH_PATHS[sdk=macosx*]" = (
					"@executable_path/../Frameworks",
					"@loader_path/Frameworks",
				);
				LOCALIZATION_PREFERS_STRING_CATALOGS = YES;
				MACOSX_DEPLOYMENT_TARGET = 12.0;
				MARKETING_VERSION = 1.0;
				MODULE_VERIFIER_SUPPORTED_LANGUAGES = "objective-c objective-c++";
				MODULE_VERIFIER_SUPPORTED_LANGUAGE_STANDARDS = "gnu17 gnu++20";
				MTL_ENABLE_DEBUG_INFO = INCLUDE_SOURCE;
				MTL_FAST_MATH = YES;
				OTHER_LDFLAGS = "";
				PRODUCT_BUNDLE_IDENTIFIER = com.nebula.LibVpnCore;
				PRODUCT_NAME = "$(TARGET_NAME:c99extidentifier)";
				SDKROOT = auto;
				SKIP_INSTALL = YES;
				SUPPORTED_PLATFORMS = "iphoneos iphonesimulator macosx";
				SWIFT_ACTIVE_COMPILATION_CONDITIONS = "DEBUG $(inherited)";
				SWIFT_EMIT_LOC_STRINGS = YES;
				SWIFT_OPTIMIZATION_LEVEL = "-Onone";
				SWIFT_VERSION = 5.0;
				TARGETED_DEVICE_FAMILY = "1,2";
				VERSIONING_SYSTEM = "apple-generic";
				VERSION_INFO_PREFIX = "";
			};
			name = Debug;
		};
		CEEC1A022B142FAA0076CA70 /* Release */ = {
			isa = XCBuildConfiguration;
			buildSettings = {
				ASSETCATALOG_COMPILER_GENERATE_SWIFT_ASSET_SYMBOL_EXTENSIONS = YES;
				CLANG_CXX_LANGUAGE_STANDARD = "gnu++20";
				CLANG_ENABLE_MODULES = YES;
				CLANG_ENABLE_OBJC_WEAK = YES;
				CLANG_WARN_COMMA = YES;
				CLANG_WARN_OBJC_IMPLICIT_RETAIN_SELF = YES;
				CLANG_WARN_QUOTED_INCLUDE_IN_FRAMEWORK_HEADER = YES;
				CLANG_WARN_STRICT_PROTOTYPES = YES;
				CLANG_WARN_UNGUARDED_AVAILABILITY = YES_AGGRESSIVE;
				CLANG_WARN_UNREACHABLE_CODE = YES;
				CLANG_WARN__DUPLICATE_METHOD_MATCH = YES;
				CODE_SIGN_IDENTITY = "Apple Development";
				CODE_SIGN_STYLE = Automatic;
				CURRENT_PROJECT_VERSION = 1;
				DEFINES_MODULE = YES;
				DEVELOPMENT_TEAM = TNPM9PFX3W;
				DYLIB_COMPATIBILITY_VERSION = 1;
				DYLIB_CURRENT_VERSION = 1;
				DYLIB_INSTALL_NAME_BASE = "@rpath";
				ENABLE_MODULE_VERIFIER = YES;
				ENABLE_USER_SCRIPT_SANDBOXING = YES;
				GCC_C_LANGUAGE_STANDARD = gnu17;
				GCC_WARN_UNDECLARED_SELECTOR = YES;
				GENERATE_INFOPLIST_FILE = YES;
				INFOPLIST_KEY_NSHumanReadableCopyright = "";
				INSTALL_PATH = "$(LOCAL_LIBRARY_DIR)/Frameworks";
				IPHONEOS_DEPLOYMENT_TARGET = 15.0;
				LD_RUNPATH_SEARCH_PATHS = (
					"@executable_path/Frameworks",
					"@loader_path/Frameworks",
				);
				"LD_RUNPATH_SEARCH_PATHS[sdk=macosx*]" = (
					"@executable_path/../Frameworks",
					"@loader_path/Frameworks",
				);
				LOCALIZATION_PREFERS_STRING_CATALOGS = YES;
				MACOSX_DEPLOYMENT_TARGET = 12.0;
				MARKETING_VERSION = 1.0;
				MODULE_VERIFIER_SUPPORTED_LANGUAGES = "objective-c objective-c++";
				MODULE_VERIFIER_SUPPORTED_LANGUAGE_STANDARDS = "gnu17 gnu++20";
				MTL_FAST_MATH = YES;
				OTHER_LDFLAGS = "";
				PRODUCT_BUNDLE_IDENTIFIER = com.nebula.LibVpnCore;
				PRODUCT_NAME = "$(TARGET_NAME:c99extidentifier)";
				SDKROOT = auto;
				SKIP_INSTALL = YES;
				SUPPORTED_PLATFORMS = "iphoneos iphonesimulator macosx";
				SWIFT_EMIT_LOC_STRINGS = YES;
				SWIFT_VERSION = 5.0;
				TARGETED_DEVICE_FAMILY = "1,2";
				VERSIONING_SYSTEM = "apple-generic";
				VERSION_INFO_PREFIX = "";
			};
			name = Release;
		};
		CEEC1A032B142FAA0076CA70 /* Profile */ = {
			isa = XCBuildConfiguration;
			buildSettings = {
				ASSETCATALOG_COMPILER_GENERATE_SWIFT_ASSET_SYMBOL_EXTENSIONS = YES;
				CLANG_CXX_LANGUAGE_STANDARD = "gnu++20";
				CLANG_ENABLE_MODULES = YES;
				CLANG_ENABLE_OBJC_WEAK = YES;
				CLANG_WARN_COMMA = YES;
				CLANG_WARN_OBJC_IMPLICIT_RETAIN_SELF = YES;
				CLANG_WARN_QUOTED_INCLUDE_IN_FRAMEWORK_HEADER = YES;
				CLANG_WARN_STRICT_PROTOTYPES = YES;
				CLANG_WARN_UNGUARDED_AVAILABILITY = YES_AGGRESSIVE;
				CLANG_WARN_UNREACHABLE_CODE = YES;
				CLANG_WARN__DUPLICATE_METHOD_MATCH = YES;
				CODE_SIGN_IDENTITY = "Apple Development";
				CODE_SIGN_STYLE = Automatic;
				CURRENT_PROJECT_VERSION = 1;
				DEFINES_MODULE = YES;
				DEVELOPMENT_TEAM = TNPM9PFX3W;
				DYLIB_COMPATIBILITY_VERSION = 1;
				DYLIB_CURRENT_VERSION = 1;
				DYLIB_INSTALL_NAME_BASE = "@rpath";
				ENABLE_MODULE_VERIFIER = YES;
				ENABLE_USER_SCRIPT_SANDBOXING = YES;
				GCC_C_LANGUAGE_STANDARD = gnu17;
				GCC_WARN_UNDECLARED_SELECTOR = YES;
				GENERATE_INFOPLIST_FILE = YES;
				INFOPLIST_KEY_NSHumanReadableCopyright = "";
				INSTALL_PATH = "$(LOCAL_LIBRARY_DIR)/Frameworks";
				IPHONEOS_DEPLOYMENT_TARGET = 15.0;
				LD_RUNPATH_SEARCH_PATHS = (
					"@executable_path/Frameworks",
					"@loader_path/Frameworks",
				);
				"LD_RUNPATH_SEARCH_PATHS[sdk=macosx*]" = (
					"@executable_path/../Frameworks",
					"@loader_path/Frameworks",
				);
				LOCALIZATION_PREFERS_STRING_CATALOGS = YES;
				MACOSX_DEPLOYMENT_TARGET = 12.0;
				MARKETING_VERSION = 1.0;
				MODULE_VERIFIER_SUPPORTED_LANGUAGES = "objective-c objective-c++";
				MODULE_VERIFIER_SUPPORTED_LANGUAGE_STANDARDS = "gnu17 gnu++20";
				MTL_FAST_MATH = YES;
				OTHER_LDFLAGS = "";
				PRODUCT_BUNDLE_IDENTIFIER = com.nebula.LibVpnCore;
				PRODUCT_NAME = "$(TARGET_NAME:c99extidentifier)";
				SDKROOT = auto;
				SKIP_INSTALL = YES;
				SUPPORTED_PLATFORMS = "iphoneos iphonesimulator macosx";
				SWIFT_EMIT_LOC_STRINGS = YES;
				SWIFT_VERSION = 5.0;
				TARGETED_DEVICE_FAMILY = "1,2";
				VERSIONING_SYSTEM = "apple-generic";
				VERSION_INFO_PREFIX = "";
			};
			name = Profile;
		};
/* End XCBuildConfiguration section */

/* Begin XCConfigurationList section */
		33CC10E82044A3C60003C045 /* Build configuration list for PBXProject "Runner" */ = {
			isa = XCConfigurationList;
			buildConfigurations = (
				33CC10F92044A3C60003C045 /* Debug */,
				33CC10FA2044A3C60003C045 /* Release */,
				338D0CE9231458BD00FA5F75 /* Profile */,
			);
			defaultConfigurationIsVisible = 0;
			defaultConfigurationName = Release;
		};
		33CC10FB2044A3C60003C045 /* Build configuration list for PBXNativeTarget "Runner" */ = {
			isa = XCConfigurationList;
			buildConfigurations = (
				33CC10FC2044A3C60003C045 /* Debug */,
				33CC10FD2044A3C60003C045 /* Release */,
				338D0CEA231458BD00FA5F75 /* Profile */,
			);
			defaultConfigurationIsVisible = 0;
			defaultConfigurationName = Release;
		};
		33CC111B2044C6BA0003C045 /* Build configuration list for PBXAggregateTarget "Flutter Assemble" */ = {
			isa = XCConfigurationList;
			buildConfigurations = (
				33CC111C2044C6BA0003C045 /* Debug */,
				33CC111D2044C6BA0003C045 /* Release */,
				338D0CEB231458BD00FA5F75 /* Profile */,
			);
			defaultConfigurationIsVisible = 0;
			defaultConfigurationName = Release;
		};
		CEBE65E92A22EAE1004691A4 /* Build configuration list for PBXNativeTarget "karingService" */ = {
			isa = XCConfigurationList;
			buildConfigurations = (
				CEBE65E62A22EAE1004691A4 /* Debug */,
				CEBE65E72A22EAE1004691A4 /* Release */,
				CEBE65E82A22EAE1004691A4 /* Profile */,
			);
			defaultConfigurationIsVisible = 0;
			defaultConfigurationName = Release;
		};
		CEE68A052A85CA39007EF854 /* Build configuration list for PBXNativeTarget "karingServiceSE" */ = {
			isa = XCConfigurationList;
			buildConfigurations = (
				CEE68A022A85CA39007EF854 /* Debug */,
				CEE68A032A85CA39007EF854 /* Release */,
				CEE68A042A85CA39007EF854 /* Profile */,
			);
			defaultConfigurationIsVisible = 0;
			defaultConfigurationName = Release;
		};
		CEEC1A002B142FAA0076CA70 /* Build configuration list for PBXNativeTarget "LibVpnCore" */ = {
			isa = XCConfigurationList;
			buildConfigurations = (
				CEEC1A012B142FAA0076CA70 /* Debug */,
				CEEC1A022B142FAA0076CA70 /* Release */,
				CEEC1A032B142FAA0076CA70 /* Profile */,
			);
			defaultConfigurationIsVisible = 0;
			defaultConfigurationName = Release;
		};
/* End XCConfigurationList section */
	};
	rootObject = 33CC10E52044A3C60003C045 /* Project object */;
}
